
Microsoft Visual Studio Solution File, Format Version 12.00
# Visual Studio Version 17
VisualStudioVersion = 17.6.33723.286
MinimumVisualStudioVersion = 10.0.40219.1
Project("{FAE04EC0-301F-11D3-BF4B-00C04F79EFBC}") = "RelationalEFCore", "RelationalEFCore\RelationalEFCore.csproj", "{286E3AE5-8FC1-45D4-B72A-3D7595280E43}"
EndProject
Global
	GlobalSection(SolutionConfigurationPlatforms) = preSolution
		Debug|Any CPU = Debug|Any CPU
		Release|Any CPU = Release|Any CPU
	EndGlobalSection
	GlobalSection(ProjectConfigurationPlatforms) = postSolution
		{286E3AE5-8FC1-45D4-B72A-3D7595280E43}.Debug|Any CPU.ActiveCfg = Debug|Any CPU
		{286E3AE5-8FC1-45D4-B72A-3D7595280E43}.Debug|Any CPU.Build.0 = Debug|Any CPU
		{286E3AE5-8FC1-45D4-B72A-3D7595280E43}.Release|Any CPU.ActiveCfg = Release|Any CPU
		{286E3AE5-8FC1-45D4-B72A-3D7595280E43}.Release|Any CPU.Build.0 = Release|Any CPU
	EndGlobalSection
	GlobalSection(SolutionProperties) = preSolution
		HideSolutionNode = FALSE
	EndGlobalSection
	GlobalSection(ExtensibilityGlobals) = postSolution
		SolutionGuid = {1D8D3EBF-7C46-479C-8D27-E35D336DD73B}
	EndGlobalSection
EndGlobal
